// !$*UTF8*$!
{
	archiveVersion = 1;
	classes = {
	};
	objectVersion = 50;
	objects = {

/* Begin PBXBuildFile section */
		94DF1546223BD2F6000C4B1F /* AppDelegate.swift in Sources */ = {isa = PBXBuildFile; fileRef = 94DF1545223BD2F6000C4B1F /* AppDelegate.swift */; };
		94DF1548223BD2F6000C4B1F /* art.scnassets in Resources */ = {isa = PBXBuildFile; fileRef = 94DF1547223BD2F6000C4B1F /* art.scnassets */; };
		94DF154A223BD2F6000C4B1F /* ViewController.swift in Sources */ = {isa = PBXBuildFile; fileRef = 94DF1549223BD2F6000C4B1F /* ViewController.swift */; };
		94DF154D223BD2F6000C4B1F /* Main.storyboard in Resources */ = {isa = PBXBuildFile; fileRef = 94DF154B223BD2F6000C4B1F /* Main.storyboard */; };
		94DF154F223BD2F6000C4B1F /* Assets.xcassets in Resources */ = {isa = PBXBuildFile; fileRef = 94DF154E223BD2F6000C4B1F /* Assets.xcassets */; };
		94DF1552223BD2F6000C4B1F /* LaunchScreen.storyboard in Resources */ = {isa = PBXBuildFile; fileRef = 94DF1550223BD2F6000C4B1F /* LaunchScreen.storyboard */; };
		94DF155A223BD33C000C4B1F /* Grid.swift in Sources */ = {isa = PBXBuildFile; fileRef = 94DF1559223BD33C000C4B1F /* Grid.swift */; };
/* End PBXBuildFile section */

/* Begin PBXFileReference section */
		94DF1542223BD2F5000C4B1F /* MeasureGroundBeginner.app */ = {isa = PBXFileReference; explicitFileType = wrapper.application; includeInIndex = 0; path = MeasureGroundBeginner.app; sourceTree = BUILT_PRODUCTS_DIR; };
		94DF1545223BD2F6000C4B1F /* AppDelegate.swift */ = {isa = PBXFileReference; lastKnownFileType = sourcecode.swift; path = AppDelegate.swift; sourceTree = "<group>"; };
		94DF1547223BD2F6000C4B1F /* art.scnassets */ = {isa = PBXFileReference; lastKnownFileType = wrapper.scnassets; path = art.scnassets; sourceTree = "<group>"; };
		94DF1549223BD2F6000C4B1F /* ViewController.swift */ = {isa = PBXFileReference; lastKnownFileType = sourcecode.swift; path = ViewController.swift; sourceTree = "<group>"; };
		94DF154C223BD2F6000C4B1F /* Base */ = {isa = PBXFileReference; lastKnownFileType = file.storyboard; name = Base; path = Base.lproj/Main.storyboard; sourceTree = "<group>"; };
		94DF154E223BD2F6000C4B1F /* Assets.xcassets */ = {isa = PBXFileReference; lastKnownFileType = folder.assetcatalog; path = Assets.xcassets; sourceTree = "<group>"; };
		94DF1551223BD2F6000C4B1F /* Base */ = {isa = PBXFileReference; lastKnownFileType = file.storyboard; name = Base; path = Base.lproj/LaunchScreen.storyboard; sourceTree = "<group>"; };
		94DF1553223BD2F6000C4B1F /* Info.plist */ = {isa = PBXFileReference; lastKnownFileType = text.plist.xml; path = Info.plist; sourceTree = "<group>"; };
		94DF1559223BD33C000C4B1F /* Grid.swift */ = {isa = PBXFileReference; fileEncoding = 4; lastKnownFileType = sourcecode.swift; path = Grid.swift; sourceTree = "<group>"; };
/* End PBXFileReference section */

/* Begin PBXFrameworksBuildPhase section */
		94DF153F223BD2F5000C4B1F /* Frameworks */ = {
			isa = PBXFrameworksBuildPhase;
			buildActionMask = 2147483647;
			files = (
			);
			runOnlyForDeploymentPostprocessing = 0;
		};
/* End PBXFrameworksBuildPhase section */

/* Begin PBXGroup section */
		94DF1539223BD2F5000C4B1F = {
			isa = PBXGroup;
			children = (
				94DF1544223BD2F5000C4B1F /* MeasureGroundBeginner */,
				94DF1543223BD2F5000C4B1F /* Products */,
			);
			sourceTree = "<group>";
		};
		94DF1543223BD2F5000C4B1F /* Products */ = {
			isa = PBXGroup;
			children = (
				94DF1542223BD2F5000C4B1F /* MeasureGroundBeginner.app */,
			);
			name = Products;
			sourceTree = "<group>";
		};
		94DF1544223BD2F5000C4B1F /* MeasureGroundBeginner */ = {
			isa = PBXGroup;
			children = (
				94DF1559223BD33C000C4B1F /* Grid.swift */,
				94DF1545223BD2F6000C4B1F /* AppDelegate.swift */,
				94DF1547223BD2F6000C4B1F /* art.scnassets */,
				94DF1549223BD2F6000C4B1F /* ViewController.swift */,
				94DF154B223BD2F6000C4B1F /* Main.storyboard */,
				94DF154E223BD2F6000C4B1F /* Assets.xcassets */,
				94DF1550223BD2F6000C4B1F /* LaunchScreen.storyboard */,
				94DF1553223BD2F6000C4B1F /* Info.plist */,
			);
			path = MeasureGroundBeginner;
			sourceTree = "<group>";
		};
/* End PBXGroup section */

/* Begin PBXNativeTarget section */
		94DF1541223BD2F5000C4B1F /* MeasureGroundBeginner */ = {
			isa = PBXNativeTarget;
			buildConfigurationList = 94DF1556223BD2F6000C4B1F /* Build configuration list for PBXNativeTarget "MeasureGroundBeginner" */;
			buildPhases = (
				94DF153E223BD2F5000C4B1F /* Sources */,
				94DF153F223BD2F5000C4B1F /* Frameworks */,
				94DF1540223BD2F5000C4B1F /* Resources */,
			);
			buildRules = (
			);
			dependencies = (
			);
			name = MeasureGroundBeginner;
			productName = MeasureGroundBeginner;
			productReference = 94DF1542223BD2F5000C4B1F /* MeasureGroundBeginner.app */;
			productType = "com.apple.product-type.application";
		};
/* End PBXNativeTarget section */

/* Begin PBXProject section */
		94DF153A223BD2F5000C4B1F /* Project object */ = {
			isa = PBXProject;
			attributes = {
				LastSwiftUpdateCheck = 1010;
				LastUpgradeCheck = 1010;
				ORGANIZATIONNAME = "Nitin Bhatia";
				TargetAttributes = {
					94DF1541223BD2F5000C4B1F = {
						CreatedOnToolsVersion = 10.1;
					};
				};
			};
			buildConfigurationList = 94DF153D223BD2F5000C4B1F /* Build configuration list for PBXProject "MeasureGroundBeginner" */;
			compatibilityVersion = "Xcode 9.3";
			developmentRegion = en;
			hasScannedForEncodings = 0;
			knownRegions = (
				en,
				Base,
			);
			mainGroup = 94DF1539223BD2F5000C4B1F;
			productRefGroup = 94DF1543223BD2F5000C4B1F /* Products */;
			projectDirPath = "";
			projectRoot = "";
			targets = (
				94DF1541223BD2F5000C4B1F /* MeasureGroundBeginner */,
			);
		};
/* End PBXProject section */

/* Begin PBXResourcesBuildPhase section */
		94DF1540223BD2F5000C4B1F /* Resources */ = {
			isa = PBXResourcesBuildPhase;
			buildActionMask = 2147483647;
			files = (
				94DF1548223BD2F6000C4B1F /* art.scnassets in Resources */,
				94DF1552223BD2F6000C4B1F /* LaunchScreen.storyboard in Resources */,
				94DF154F223BD2F6000C4B1F /* Assets.xcassets in Resources */,
				94DF154D223BD2F6000C4B1F /* Main.storyboard in Resources */,
			);
			runOnlyForDeploymentPostprocessing = 0;
		};
/* End PBXResourcesBuildPhase section */

/* Begin PBXSourcesBuildPhase section */
		94DF153E223BD2F5000C4B1F /* Sources */ = {
			isa = PBXSourcesBuildPhase;
			buildActionMask = 2147483647;
			files = (
				94DF154A223BD2F6000C4B1F /* ViewController.swift in Sources */,
				94DF1546223BD2F6000C4B1F /* AppDelegate.swift in Sources */,
				94DF155A223BD33C000C4B1F /* Grid.swift in Sources */,
			);
			runOnlyForDeploymentPostprocessing = 0;
		};
/* End PBXSourcesBuildPhase section */

/* Begin PBXVariantGroup section */
		94DF154B223BD2F6000C4B1F /* Main.storyboard */ = {
			isa = PBXVariantGroup;
			children = (
				94DF154C223BD2F6000C4B1F /* Base */,
			);
			name = Main.storyboard;
			sourceTree = "<group>";
		};
		94DF1550223BD2F6000C4B1F /* LaunchScreen.storyboard */ = {
			isa = PBXVariantGroup;
			children = (
				94DF1551223BD2F6000C4B1F /* Base */,
			);
			name = LaunchScreen.storyboard;
			sourceTree = "<group>";
		};
/* End PBXVariantGroup section */

/* Begin XCBuildConfiguration section */
		94DF1554223BD2F6000C4B1F /* Debug */ = {
			isa = XCBuildConfiguration;
			buildSettings = {
				ALWAYS_SEARCH_USER_PATHS = NO;
				CLANG_ANALYZER_NONNULL = YES;
				CLANG_ANALYZER_NUMBER_OBJECT_CONVERSION = YES_AGGRESSIVE;
				CLANG_CXX_LANGUAGE_STANDARD = "gnu++14";
				CLANG_CXX_LIBRARY = "libc++";
				CLANG_ENABLE_MODULES = YES;
				CLANG_ENABLE_OBJC_ARC = YES;
				CLANG_ENABLE_OBJC_WEAK = YES;
				CLANG_WARN_BLOCK_CAPTURE_AUTORELEASING = YES;
				CLANG_WARN_BOOL_CONVERSION = YES;
				CLANG_WARN_COMMA = YES;
				CLANG_WARN_CONSTANT_CONVERSION = YES;
				CLANG_WARN_DEPRECATED_OBJC_IMPLEMENTATIONS = YES;
				CLANG_WARN_DIRECT_OBJC_ISA_USAGE = YES_ERROR;
				CLANG_WARN_DOCUMENTATION_COMMENTS = YES;
				CLANG_WARN_EMPTY_BODY = YES;
				CLANG_WARN_ENUM_CONVERSION = YES;
				CLANG_WARN_INFINITE_RECURSION = YES;
				CLANG_WARN_INT_CONVERSION = YES;
				CLANG_WARN_NON_LITERAL_NULL_CONVERSION = YES;
				CLANG_WARN_OBJC_IMPLICIT_RETAIN_SELF = YES;
				CLANG_WARN_OBJC_LITERAL_CONVERSION = YES;
				CLANG_WARN_OBJC_ROOT_CLASS = YES_ERROR;
				CLANG_WARN_RANGE_LOOP_ANALYSIS = YES;
				CLANG_WARN_STRICT_PROTOTYPES = YES;
				CLANG_WARN_SUSPICIOUS_MOVE = YES;
				CLANG_WARN_UNGUARDED_AVAILABILITY = YES_AGGRESSIVE;
				CLANG_WARN_UNREACHABLE_CODE = YES;
				CLANG_WARN__DUPLICATE_METHOD_MATCH = YES;
				CODE_SIGN_IDENTITY = "iPhone Developer";
				COPY_PHASE_STRIP = NO;
				DEBUG_INFORMATION_FORMAT = dwarf;
				ENABLE_STRICT_OBJC_MSGSEND = YES;
				ENABLE_TESTABILITY = YES;
				GCC_C_LANGUAGE_STANDARD = gnu11;
				GCC_DYNAMIC_NO_PIC = NO;
				GCC_NO_COMMON_BLOCKS = YES;
				GCC_OPTIMIZATION_LEVEL = 0;
				GCC_PREPROCESSOR_DEFINITIONS = (
					"DEBUG=1",
					"$(inherited)",
				);
				GCC_WARN_64_TO_32_BIT_CONVERSION = YES;
				GCC_WARN_ABOUT_RETURN_TYPE = YES_ERROR;
				GCC_WARN_UNDECLARED_SELECTOR = YES;
				GCC_WARN_UNINITIALIZED_AUTOS = YES_AGGRESSIVE;
				GCC_WARN_UNUSED_FUNCTION = YES;
				GCC_WARN_UNUSED_VARIABLE = YES;
				IPHONEOS_DEPLOYMENT_TARGET = 12.1;
				MTL_ENABLE_DEBUG_INFO = INCLUDE_SOURCE;
				MTL_FAST_MATH = YES;
				ONLY_ACTIVE_ARCH = YES;
				SDKROOT = iphoneos;
				SWIFT_ACTIVE_COMPILATION_CONDITIONS = DEBUG;
				SWIFT_OPTIMIZATION_LEVEL = "-Onone";
			};
			name = Debug;
		};
		94DF1555223BD2F6000C4B1F /* Release */ = {
			isa = XCBuildConfiguration;
			buildSettings = {
				ALWAYS_SEARCH_USER_PATHS = NO;
				CLANG_ANALYZER_NONNULL = YES;
				CLANG_ANALYZER_NUMBER_OBJECT_CONVERSION = YES_AGGRESSIVE;
				CLANG_CXX_LANGUAGE_STANDARD = "gnu++14";
				CLANG_CXX_LIBRARY = "libc++";
				CLANG_ENABLE_MODULES = YES;
				CLANG_ENABLE_OBJC_ARC = YES;
				CLANG_ENABLE_OBJC_WEAK = YES;
				CLANG_WARN_BLOCK_CAPTURE_AUTORELEASING = YES;
				CLANG_WARN_BOOL_CONVERSION = YES;
				CLANG_WARN_COMMA = YES;
				CLANG_WARN_CONSTANT_CONVERSION = YES;
				CLANG_WARN_DEPRECATED_OBJC_IMPLEMENTATIONS = YES;
				CLANG_WARN_DIRECT_OBJC_ISA_USAGE = YES_ERROR;
				CLANG_WARN_DOCUMENTATION_COMMENTS = YES;
				CLANG_WARN_EMPTY_BODY = YES;
				CLANG_WARN_ENUM_CONVERSION = YES;
				CLANG_WARN_INFINITE_RECURSION = YES;
				CLANG_WARN_INT_CONVERSION = YES;
				CLANG_WARN_NON_LITERAL_NULL_CONVERSION = YES;
				CLANG_WARN_OBJC_IMPLICIT_RETAIN_SELF = YES;
				CLANG_WARN_OBJC_LITERAL_CONVERSION = YES;
				CLANG_WARN_OBJC_ROOT_CLASS = YES_ERROR;
				CLANG_WARN_RANGE_LOOP_ANALYSIS = YES;
				CLANG_WARN_STRICT_PROTOTYPES = YES;
				CLANG_WARN_SUSPICIOUS_MOVE = YES;
				CLANG_WARN_UNGUARDED_AVAILABILITY = YES_AGGRESSIVE;
				CLANG_WARN_UNREACHABLE_CODE = YES;
				CLANG_WARN__DUPLICATE_METHOD_MATCH = YES;
				CODE_SIGN_IDENTITY = "iPhone Developer";
				COPY_PHASE_STRIP = NO;
				DEBUG_INFORMATION_FORMAT = "dwarf-with-dsym";
				ENABLE_NS_ASSERTIONS = NO;
				ENABLE_STRICT_OBJC_MSGSEND = YES;
				GCC_C_LANGUAGE_STANDARD = gnu11;
				GCC_NO_COMMON_BLOCKS = YES;
				GCC_WARN_64_TO_32_BIT_CONVERSION = YES;
				GCC_WARN_ABOUT_RETURN_TYPE = YES_ERROR;
				GCC_WARN_UNDECLARED_SELECTOR = YES;
				GCC_WARN_UNINITIALIZED_AUTOS = YES_AGGRESSIVE;
				GCC_WARN_UNUSED_FUNCTION = YES;
				GCC_WARN_UNUSED_VARIABLE = YES;
				IPHONEOS_DEPLOYMENT_TARGET = 12.1;
				MTL_ENABLE_DEBUG_INFO = NO;
				MTL_FAST_MATH = YES;
				SDKROOT = iphoneos;
				SWIFT_COMPILATION_MODE = wholemodule;
				SWIFT_OPTIMIZATION_LEVEL = "-O";
				VALIDATE_PRODUCT = YES;
			};
			name = Release;
		};
		94DF1557223BD2F6000C4B1F /* Debug */ = {
			isa = XCBuildConfiguration;
			buildSettings = {
				ASSETCATALOG_COMPILER_APPICON_NAME = AppIcon;
				CODE_SIGN_STYLE = Manual;
				DEVELOPMENT_TEAM = 3GV5NAM8H5;
				INFOPLIST_FILE = MeasureGroundBeginner/Info.plist;
				LD_RUNPATH_SEARCH_PATHS = (
					"$(inherited)",
					"@executable_path/Frameworks",
				);
				PRODUCT_BUNDLE_IDENTIFIER = com.eliteapp.shouldigo;
				PRODUCT_NAME = "$(TARGET_NAME)";
				PROVISIONING_PROFILE_SPECIFIER = should_i_go_dev;
				SWIFT_VERSION = 4.2;
				TARGETED_DEVICE_FAMILY = "1,2";
			};
			name = Debug;
		};
		94DF1558223BD2F6000C4B1F /* Release */ = {
			isa = XCBuildConfiguration;
			buildSettings = {
				ASSETCATALOG_COMPILER_APPICON_NAME = AppIcon;
				CODE_SIGN_STYLE = Manual;
				DEVELOPMENT_TEAM = "";
				INFOPLIST_FILE = MeasureGroundBeginner/Info.plist;
				LD_RUNPATH_SEARCH_PATHS = (
					"$(inherited)",
					"@executable_path/Frameworks",
				);
				PRODUCT_BUNDLE_IDENTIFIER = com.eliteapp.shouldigo;
				PRODUCT_NAME = "$(TARGET_NAME)";
				PROVISIONING_PROFILE_SPECIFIER = "";
				SWIFT_VERSION = 4.2;
				TARGETED_DEVICE_FAMILY = "1,2";
			};
			name = Release;
		};
/* End XCBuildConfiguration section */

/* Begin XCConfigurationList section */
		94DF153D223BD2F5000C4B1F /* Build configuration list for PBXProject "MeasureGroundBeginner" */ = {
			isa = XCConfigurationList;
			buildConfigurations = (
				94DF1554223BD2F6000C4B1F /* Debug */,
				94DF1555223BD2F6000C4B1F /* Release */,
			);
			defaultConfigurationIsVisible = 0;
			defaultConfigurationName = Release;
		};
		94DF1556223BD2F6000C4B1F /* Build configuration list for PBXNativeTarget "MeasureGroundBeginner" */ = {
			isa = XCConfigurationList;
			buildConfigurations = (
				94DF1557223BD2F6000C4B1F /* Debug */,
				94DF1558223BD2F6000C4B1F /* Release */,
			);
			defaultConfigurationIsVisible = 0;
			defaultConfigurationName = Release;
		};
/* End XCConfigurationList section */
	};
	rootObject = 94DF153A223BD2F5000C4B1F /* Project object */;
}
